<?xml version="1.0" encoding="utf-8"?>
<Project ToolsVersion="4.0" xmlns="http://schemas.microsoft.com/developer/msbuild/2003">
  <ItemGroup>
    <ClCompile Include="Main.cpp" />
    <ClCompile Include="..\src\gl_doubleArray.cpp">
      <Filter>Source Files</Filter>
    </ClCompile>
    <ClCompile Include="..\src\gl_integerArray.cpp">
      <Filter>Source Files</Filter>
    </ClCompile>
    <ClCompile Include="..\src\gl_reaction.cpp">
      <Filter>Source Files</Filter>
    </ClCompile>
    <ClCompile Include="..\src\gl_reactionArray.cpp">
      <Filter>Source Files</Filter>
    </ClCompile>
    <ClCompile Include="..\src\gl_simpleMatrix.cpp">
      <Filter>Source Files</Filter>
    </ClCompile>
    <ClCompile Include="..\src\gl_Stochastic.cpp">
      <Filter>Source Files</Filter>
    </ClCompile>
    <ClCompile Include="..\src\gl_stringArray.cpp">
      <Filter>Source Files</Filter>
    </ClCompile>
    <ClCompile Include="..\src\gl_utils.cpp">
      <Filter>Source Files</Filter>
    </ClCompile>
    <ClCompile Include="..\src\mersenne_twister.cpp">
      <Filter>Source Files</Filter>
    </ClCompile>
  </ItemGroup>
  <ItemGroup>
    <Filter Include="Include Files">
      <UniqueIdentifier>{16f3b719-ddd8-4fe0-9804-ab75f7b24ce1}</UniqueIdentifier>
    </Filter>
    <Filter Include="Source Files">
      <UniqueIdentifier>{8b897332-582f-450a-b234-148ca6c8da72}</UniqueIdentifier>
    </Filter>
  </ItemGroup>
  <ItemGroup>
    <ClInclude Include="..\src\gl_doubleArray.h">
      <Filter>Include Files</Filter>
    </ClInclude>
    <ClInclude Include="..\src\gl_integerArray.h">
      <Filter>Include Files</Filter>
    </ClInclude>
    <ClInclude Include="..\src\gl_reaction.h">
      <Filter>Include Files</Filter>
    </ClInclude>
    <ClInclude Include="..\src\gl_simpleMatrix.h">
      <Filter>Include Files</Filter>
    </ClInclude>
    <ClInclude Include="..\src\gl_reactantArray.h">
      <Filter>Include Files</Filter>
    </ClInclude>
    <ClInclude Include="..\src\gl_reactionArray.h">
      <Filter>Include Files</Filter>
    </ClInclude>
    <ClInclude Include="..\src\gl_Stochastic.h">
      <Filter>Include Files</Filter>
    </ClInclude>
    <ClInclude Include="..\src\gl_stringArray.h">
      <Filter>Include Files</Filter>
    </ClInclude>
    <ClInclude Include="..\src\gl_utils.h">
      <Filter>Include Files</Filter>
    </ClInclude>
    <ClInclude Include="..\src\mersenne_twister.h">
      <Filter>Source Files</Filter>
    </ClInclude>
  </ItemGroup>
</Project>